# This file was autogenerated by Stack.
# You should not edit this file by hand.
# For more information, please see the documentation at:
#   https://docs.haskellstack.org/en/stable/lock_files

packages:
- completed:
    hackage: natural-transformation-0.4@sha256:3a50a8bcea2b331bf17a1755c6c228f85c899c8b2601911c73c4324e84a565b5,2205
    pantry-tree:
      size: 518
      sha256: 354e74384dc7fc51a3b1021c464d415fb0b522b4b2cbf248379b906e0d9aa8bc
  original:
    hackage: natural-transformation-0.4
- completed:
    name: replica
    version: 0.1.0.0
    git: https://github.com/pkamenarsky/replica.git
    pantry-tree:
      size: 1319
      sha256: 2a7438ab731a9e4fa53136abe3889979a35d1047e8ad3843d6a5d60d22979102
    commit: 46d2fd3b2c236d573f1d6002eb58cc95b2ba03b9
  original:
    git: https://github.com/pkamenarsky/replica.git
    commit: 46d2fd3b2c236d573f1d6002eb58cc95b2ba03b9
- completed:
    subdir: concur-core
    name: concur-core
    version: 0.1.0.0
    git: https://github.com/pkamenarsky/concur.git
    pantry-tree:
      size: 728
      sha256: eabfe92d565da1d364116710507e4b0dbc7ea642863fac41c5456aa46cfd3a5a
    commit: dc5347b35c79654d58fa95716f425ee7248504fb
  original:
    subdir: concur-core
    git: https://github.com/pkamenarsky/concur.git
    commit: dc5347b35c79654d58fa95716f425ee7248504fb
snapshots:
- completed:
    size: 498155
    url: https://raw.githubusercontent.com/commercialhaskell/stackage-snapshots/master/lts/13/19.yaml
    sha256: b9367a80d4393d02e58a46b8a9fdfbd7bc19f59c0c2bbf90034ba15cf52cf213
  original: lts-13.19
